{
  "name": "ethglobal-idea-validator",
  "version": "1.1.2",
  "lockfileVersion": 3,
  "requires": true,
  "packages": {
    "": {
      "name": "ethglobal-idea-validator",
      "version": "1.1.2",
      "license": "MIT",
      "bin": {
        "ethglobal-idea-validator": "install.js"
      }
    }
  }
}
